
Microsoft Visual Studio Solution File, Format Version 12.00
# Visual Studio Version 16
VisualStudioVersion = 16.0.30611.23
MinimumVisualStudioVersion = 10.0.40219.1
Project("{FAE04EC0-301F-11D3-BF4B-00C04F79EFBC}") = "CoreWebApp", "CoreWebApp\CoreWebApp.csproj", "{F3136F38-FC60-4C2F-9804-82887F6A131F}"
EndProject
Global
	GlobalSection(SolutionConfigurationPlatforms) = preSolution
		Debug|Any CPU = Debug|Any CPU
		Release|Any CPU = Release|Any CPU
	EndGlobalSection
	GlobalSection(ProjectConfigurationPlatforms) = postSolution
		{F3136F38-FC60-4C2F-9804-82887F6A131F}.Debug|Any CPU.ActiveCfg = Debug|Any CPU
		{F3136F38-FC60-4C2F-9804-82887F6A131F}.Debug|Any CPU.Build.0 = Debug|Any CPU
		{F3136F38-FC60-4C2F-9804-82887F6A131F}.Release|Any CPU.ActiveCfg = Release|Any CPU
		{F3136F38-FC60-4C2F-9804-82887F6A131F}.Release|Any CPU.Build.0 = Release|Any CPU
	EndGlobalSection
	GlobalSection(SolutionProperties) = preSolution
		HideSolutionNode = FALSE
	EndGlobalSection
	GlobalSection(ExtensibilityGlobals) = postSolution
		SolutionGuid = {7DC85B9B-7D09-49A7-9A1C-5008A78BCDBF}
	EndGlobalSection
EndGlobal
